
Microsoft Visual Studio Solution File, Format Version 12.00
# Visual Studio 14
VisualStudioVersion = 14.0.23107.0
MinimumVisualStudioVersion = 10.0.40219.1
Project("{FAE04EC0-301F-11D3-BF4B-00C04F79EFBC}") = "Training_in_class", "Training_in_class\Training_in_class.csproj", "{C9631BCD-10D1-4947-9737-4F28F218F7E8}"
EndProject
Project("{FAE04EC0-301F-11D3-BF4B-00C04F79EFBC}") = "Clean_Up_the_mess", "Clean_Up_the_mess\Clean_Up_the_mess.csproj", "{4A223D7C-9647-4033-972A-191AA6CD09A5}"
EndProject
Project("{FAE04EC0-301F-11D3-BF4B-00C04F79EFBC}") = "Hmwrk_6_1", "Hmwrk_6_1\Hmwrk_6_1.csproj", "{EB118613-4358-4E05-BFE2-31ED3F205A9F}"
EndProject
Project("{FAE04EC0-301F-11D3-BF4B-00C04F79EFBC}") = "Hmwrk_6_2", "Hmwrk_6_2\Hmwrk_6_2.csproj", "{779431B6-8257-49A9-A62A-91111E4713CB}"
EndProject
Project("{FAE04EC0-301F-11D3-BF4B-00C04F79EFBC}") = "Hmwrk_6_3", "Hmwrk_6_3\Hmwrk_6_3.csproj", "{11F09557-2DBE-49F8-97D9-0C042D2EBEC1}"
EndProject
Project("{FAE04EC0-301F-11D3-BF4B-00C04F79EFBC}") = "Hmwrk_6_4", "Hmwrk_6_4\Hmwrk_6_4.csproj", "{E44921E0-4EBD-47F3-B07A-DD39E9BD2FA1}"
EndProject
Global
	GlobalSection(SolutionConfigurationPlatforms) = preSolution
		Debug|Any CPU = Debug|Any CPU
		Release|Any CPU = Release|Any CPU
	EndGlobalSection
	GlobalSection(ProjectConfigurationPlatforms) = postSolution
		{C9631BCD-10D1-4947-9737-4F28F218F7E8}.Debug|Any CPU.ActiveCfg = Debug|Any CPU
		{C9631BCD-10D1-4947-9737-4F28F218F7E8}.Debug|Any CPU.Build.0 = Debug|Any CPU
		{C9631BCD-10D1-4947-9737-4F28F218F7E8}.Release|Any CPU.ActiveCfg = Release|Any CPU
		{C9631BCD-10D1-4947-9737-4F28F218F7E8}.Release|Any CPU.Build.0 = Release|Any CPU
		{4A223D7C-9647-4033-972A-191AA6CD09A5}.Debug|Any CPU.ActiveCfg = Debug|Any CPU
		{4A223D7C-9647-4033-972A-191AA6CD09A5}.Debug|Any CPU.Build.0 = Debug|Any CPU
		{4A223D7C-9647-4033-972A-191AA6CD09A5}.Release|Any CPU.ActiveCfg = Release|Any CPU
		{4A223D7C-9647-4033-972A-191AA6CD09A5}.Release|Any CPU.Build.0 = Release|Any CPU
		{EB118613-4358-4E05-BFE2-31ED3F205A9F}.Debug|Any CPU.ActiveCfg = Debug|Any CPU
		{EB118613-4358-4E05-BFE2-31ED3F205A9F}.Debug|Any CPU.Build.0 = Debug|Any CPU
		{EB118613-4358-4E05-BFE2-31ED3F205A9F}.Release|Any CPU.ActiveCfg = Release|Any CPU
		{EB118613-4358-4E05-BFE2-31ED3F205A9F}.Release|Any CPU.Build.0 = Release|Any CPU
		{779431B6-8257-49A9-A62A-91111E4713CB}.Debug|Any CPU.ActiveCfg = Debug|Any CPU
		{779431B6-8257-49A9-A62A-91111E4713CB}.Debug|Any CPU.Build.0 = Debug|Any CPU
		{779431B6-8257-49A9-A62A-91111E4713CB}.Release|Any CPU.ActiveCfg = Release|Any CPU
		{779431B6-8257-49A9-A62A-91111E4713CB}.Release|Any CPU.Build.0 = Release|Any CPU
		{11F09557-2DBE-49F8-97D9-0C042D2EBEC1}.Debug|Any CPU.ActiveCfg = Debug|Any CPU
		{11F09557-2DBE-49F8-97D9-0C042D2EBEC1}.Debug|Any CPU.Build.0 = Debug|Any CPU
		{11F09557-2DBE-49F8-97D9-0C042D2EBEC1}.Release|Any CPU.ActiveCfg = Release|Any CPU
		{11F09557-2DBE-49F8-97D9-0C042D2EBEC1}.Release|Any CPU.Build.0 = Release|Any CPU
		{E44921E0-4EBD-47F3-B07A-DD39E9BD2FA1}.Debug|Any CPU.ActiveCfg = Debug|Any CPU
		{E44921E0-4EBD-47F3-B07A-DD39E9BD2FA1}.Debug|Any CPU.Build.0 = Debug|Any CPU
		{E44921E0-4EBD-47F3-B07A-DD39E9BD2FA1}.Release|Any CPU.ActiveCfg = Release|Any CPU
		{E44921E0-4EBD-47F3-B07A-DD39E9BD2FA1}.Release|Any CPU.Build.0 = Release|Any CPU
	EndGlobalSection
	GlobalSection(SolutionProperties) = preSolution
		HideSolutionNode = FALSE
	EndGlobalSection
EndGlobal
