
Microsoft Visual Studio Solution File, Format Version 12.00
# Visual Studio 14
VisualStudioVersion = 14.0.23107.0
MinimumVisualStudioVersion = 10.0.40219.1
Project("{FAE04EC0-301F-11D3-BF4B-00C04F79EFBC}") = "2_0_Matrix_training_", "2_0_Matrix_training_\2_0_Matrix_training_.csproj", "{AC9FA1F2-3C41-497C-8407-4A0B4F7695D3}"
EndProject
Project("{FAE04EC0-301F-11D3-BF4B-00C04F79EFBC}") = "2_0_Snake_matrix", "2_0_Snake_matrix\2_0_Snake_matrix.csproj", "{3F0C9D74-136F-49F5-85E2-3868810F1488}"
EndProject
Project("{FAE04EC0-301F-11D3-BF4B-00C04F79EFBC}") = "Hmwrk_2_1_Fill_matrix", "Hmwrk_2_1_Fill_matrix\Hmwrk_2_1_Fill_matrix.csproj", "{7CBF4F26-38B9-4801-98FD-1D0FC5100552}"
EndProject
Project("{FAE04EC0-301F-11D3-BF4B-00C04F79EFBC}") = "Hmwrk_2_2_Matrix_SUM", "Hmwrk_2_2_Matrix_SUM\Hmwrk_2_2_Matrix_SUM.csproj", "{102681B8-957D-4AF3-9D60-2757B284C9AD}"
EndProject
Project("{FAE04EC0-301F-11D3-BF4B-00C04F79EFBC}") = "Hmwrk_2_3_M_shuffling", "Hmwrk_2_3_M_shuffling\Hmwrk_2_3_M_shuffling.csproj", "{9E74C2B9-9695-4A46-92DC-F042E1CCBC1A}"
EndProject
Project("{FAE04EC0-301F-11D3-BF4B-00C04F79EFBC}") = "Hmwrk_2_4_Sequence", "Hmwrk_2_4_Sequence\Hmwrk_2_4_Sequence.csproj", "{5B6CB5C2-4F08-431B-B873-AC8398B27B51}"
EndProject
Project("{FAE04EC0-301F-11D3-BF4B-00C04F79EFBC}") = "2_1_Methods_training", "2_1_Methods_training\2_1_Methods_training.csproj", "{74BAB571-D473-4EFC-84BC-7635A80B1DCB}"
EndProject
Project("{FAE04EC0-301F-11D3-BF4B-00C04F79EFBC}") = "Hmwrk_2_7_Phonebook", "Hmwrk_2_7_Phonebook\Hmwrk_2_7_Phonebook.csproj", "{58462C47-EE05-45A2-8DFC-E38F6F7D7818}"
EndProject
Global
	GlobalSection(SolutionConfigurationPlatforms) = preSolution
		Debug|Any CPU = Debug|Any CPU
		Release|Any CPU = Release|Any CPU
	EndGlobalSection
	GlobalSection(ProjectConfigurationPlatforms) = postSolution
		{AC9FA1F2-3C41-497C-8407-4A0B4F7695D3}.Debug|Any CPU.ActiveCfg = Debug|Any CPU
		{AC9FA1F2-3C41-497C-8407-4A0B4F7695D3}.Debug|Any CPU.Build.0 = Debug|Any CPU
		{AC9FA1F2-3C41-497C-8407-4A0B4F7695D3}.Release|Any CPU.ActiveCfg = Release|Any CPU
		{AC9FA1F2-3C41-497C-8407-4A0B4F7695D3}.Release|Any CPU.Build.0 = Release|Any CPU
		{3F0C9D74-136F-49F5-85E2-3868810F1488}.Debug|Any CPU.ActiveCfg = Debug|Any CPU
		{3F0C9D74-136F-49F5-85E2-3868810F1488}.Debug|Any CPU.Build.0 = Debug|Any CPU
		{3F0C9D74-136F-49F5-85E2-3868810F1488}.Release|Any CPU.ActiveCfg = Release|Any CPU
		{3F0C9D74-136F-49F5-85E2-3868810F1488}.Release|Any CPU.Build.0 = Release|Any CPU
		{7CBF4F26-38B9-4801-98FD-1D0FC5100552}.Debug|Any CPU.ActiveCfg = Debug|Any CPU
		{7CBF4F26-38B9-4801-98FD-1D0FC5100552}.Debug|Any CPU.Build.0 = Debug|Any CPU
		{7CBF4F26-38B9-4801-98FD-1D0FC5100552}.Release|Any CPU.ActiveCfg = Release|Any CPU
		{7CBF4F26-38B9-4801-98FD-1D0FC5100552}.Release|Any CPU.Build.0 = Release|Any CPU
		{102681B8-957D-4AF3-9D60-2757B284C9AD}.Debug|Any CPU.ActiveCfg = Debug|Any CPU
		{102681B8-957D-4AF3-9D60-2757B284C9AD}.Debug|Any CPU.Build.0 = Debug|Any CPU
		{102681B8-957D-4AF3-9D60-2757B284C9AD}.Release|Any CPU.ActiveCfg = Release|Any CPU
		{102681B8-957D-4AF3-9D60-2757B284C9AD}.Release|Any CPU.Build.0 = Release|Any CPU
		{9E74C2B9-9695-4A46-92DC-F042E1CCBC1A}.Debug|Any CPU.ActiveCfg = Debug|Any CPU
		{9E74C2B9-9695-4A46-92DC-F042E1CCBC1A}.Debug|Any CPU.Build.0 = Debug|Any CPU
		{9E74C2B9-9695-4A46-92DC-F042E1CCBC1A}.Release|Any CPU.ActiveCfg = Release|Any CPU
		{9E74C2B9-9695-4A46-92DC-F042E1CCBC1A}.Release|Any CPU.Build.0 = Release|Any CPU
		{5B6CB5C2-4F08-431B-B873-AC8398B27B51}.Debug|Any CPU.ActiveCfg = Debug|Any CPU
		{5B6CB5C2-4F08-431B-B873-AC8398B27B51}.Debug|Any CPU.Build.0 = Debug|Any CPU
		{5B6CB5C2-4F08-431B-B873-AC8398B27B51}.Release|Any CPU.ActiveCfg = Release|Any CPU
		{5B6CB5C2-4F08-431B-B873-AC8398B27B51}.Release|Any CPU.Build.0 = Release|Any CPU
		{74BAB571-D473-4EFC-84BC-7635A80B1DCB}.Debug|Any CPU.ActiveCfg = Debug|Any CPU
		{74BAB571-D473-4EFC-84BC-7635A80B1DCB}.Debug|Any CPU.Build.0 = Debug|Any CPU
		{74BAB571-D473-4EFC-84BC-7635A80B1DCB}.Release|Any CPU.ActiveCfg = Release|Any CPU
		{74BAB571-D473-4EFC-84BC-7635A80B1DCB}.Release|Any CPU.Build.0 = Release|Any CPU
		{58462C47-EE05-45A2-8DFC-E38F6F7D7818}.Debug|Any CPU.ActiveCfg = Debug|Any CPU
		{58462C47-EE05-45A2-8DFC-E38F6F7D7818}.Debug|Any CPU.Build.0 = Debug|Any CPU
		{58462C47-EE05-45A2-8DFC-E38F6F7D7818}.Release|Any CPU.ActiveCfg = Release|Any CPU
		{58462C47-EE05-45A2-8DFC-E38F6F7D7818}.Release|Any CPU.Build.0 = Release|Any CPU
	EndGlobalSection
	GlobalSection(SolutionProperties) = preSolution
		HideSolutionNode = FALSE
	EndGlobalSection
EndGlobal
